// !$*UTF8*$!
{
	archiveVersion = 1;
	classes = {
	};
	objectVersion = 77;
	objects = {

/* Begin PBXBuildFile section */
		023337315D03D5A7A11EF8A8 /* SettingsView.swift in Sources */ = {isa = PBXBuildFile; fileRef = C75F84574131A8966246F0F1 /* SettingsView.swift */; };
		042947CAE5475D21E9DB8E95 /* FakePowerObserver.swift in Sources */ = {isa = PBXBuildFile; fileRef = 69CC1BE1A64D441D6EAFCA0D /* FakePowerObserver.swift */; };
		06C9CB75863B43B788AF0A68 /* CustomDurationView.swift in Sources */ = {isa = PBXBuildFile; fileRef = 0CF1103942587929C0B78085 /* CustomDurationView.swift */; };
		10D7B8EEBCF57BA2CC3F095C /* FakeDownloadsMonitor.swift in Sources */ = {isa = PBXBuildFile; fileRef = 5688F8984A5FD5B10F56AFAC /* FakeDownloadsMonitor.swift */; };
		1250BF077B0A989E589E83C6 /* FakeStatusWriter.swift in Sources */ = {isa = PBXBuildFile; fileRef = 4B7E99F3ED4C56BA5326608F /* FakeStatusWriter.swift */; };
		146C4E8B2F439019974FAF35 /* MenuBarIconStyle.swift in Sources */ = {isa = PBXBuildFile; fileRef = 7CF6475DAF5ADAB6D03BC8BF /* MenuBarIconStyle.swift */; };
		15C9F5FF452B1070DBE6B9F8 /* FakeSessionLifecycle.swift in Sources */ = {isa = PBXBuildFile; fileRef = 9293A1D19E374CE76F42545F /* FakeSessionLifecycle.swift */; };
		19CE913E028B6715361BF327 /* FakeSessionAlertSounds.swift in Sources */ = {isa = PBXBuildFile; fileRef = 1F9C41DB3447DFF7813B1631 /* FakeSessionAlertSounds.swift */; };
		1C18C3C929DDEA679166D81D /* AppIcon.icns in Resources */ = {isa = PBXBuildFile; fileRef = 2446B1B4F49B5716EB80DAE0 /* AppIcon.icns */; };
		1EDF7D16A36633DE58794753 /* TriggersViewModelTests.swift in Sources */ = {isa = PBXBuildFile; fileRef = 09D7F87B56A4FFC3B20B2FAB /* TriggersViewModelTests.swift */; };
		2004BBF63DC15B126A311638 /* AppearanceViewModel.swift in Sources */ = {isa = PBXBuildFile; fileRef = B09FC3298A309B490C270E39 /* AppearanceViewModel.swift */; };
		202FB5369F40A27AE23DE29B /* SessionPresets.swift in Sources */ = {isa = PBXBuildFile; fileRef = 26126BA41BCDA9B054EEB969 /* SessionPresets.swift */; };
		24A402DE0E6E56293A8B3027 /* TriggerDraft.swift in Sources */ = {isa = PBXBuildFile; fileRef = A3C2114D00F2D1BBAA2491BF /* TriggerDraft.swift */; };
		275EFFB0D01BF4E15F8A01D7 /* FakeScheduler.swift in Sources */ = {isa = PBXBuildFile; fileRef = 41C77505CC457C22BC719876 /* FakeScheduler.swift */; };
		2C546D7714E6A1239A8868F0 /* StatusWriter.swift in Sources */ = {isa = PBXBuildFile; fileRef = 2D20AF47AEFFD6F46499D7E0 /* StatusWriter.swift */; };
		2C6AB323089166AE64174858 /* MenuBarViewModelAutoStopTests.swift in Sources */ = {isa = PBXBuildFile; fileRef = B3CE251C78C94D5CF495C4D2 /* MenuBarViewModelAutoStopTests.swift */; };
		2D5859697FEB656BD2F7112F /* TriggerStore.swift in Sources */ = {isa = PBXBuildFile; fileRef = 0D62AA62BC6640AE6A71CE93 /* TriggerStore.swift */; };
		2E0D50D5014B0C3B353A4A72 /* UpdatesSectionViewModel.swift in Sources */ = {isa = PBXBuildFile; fileRef = 2A73CB904222F12F51464D11 /* UpdatesSectionViewModel.swift */; };
		2F91A2E0C4C8A00DFEC88FEB /* TimeRange.swift in Sources */ = {isa = PBXBuildFile; fileRef = DB9316C636281A319067EC28 /* TimeRange.swift */; };
		300B16E72859C50460E34BDE /* TriggersView.swift in Sources */ = {isa = PBXBuildFile; fileRef = DA4C2A518C6E67171E718E50 /* TriggersView.swift */; };
		30628AC3B19A31E5F8854FD0 /* SessionMode.swift in Sources */ = {isa = PBXBuildFile; fileRef = 1657119BD6C2AE4B52FC0646 /* SessionMode.swift */; };
		30B9C709D20071877D6E0A9F /* PolicyUpdate.swift in Sources */ = {isa = PBXBuildFile; fileRef = 1880D06F5BB639EDA2B45FD0 /* PolicyUpdate.swift */; };
		3172E8FF49075612B977EAD1 /* TriggerEditorView.swift in Sources */ = {isa = PBXBuildFile; fileRef = B71B325249F966BC5C55FD1D /* TriggerEditorView.swift */; };
		31EDB94CAFC514917AB20206 /* IconStylePreferenceStore.swift in Sources */ = {isa = PBXBuildFile; fileRef = 65ABC2EE2FE3B1D319166007 /* IconStylePreferenceStore.swift */; };
		356616F8E62FACA1731CBBBF /* UserDefaultsTriggerStoreTests.swift in Sources */ = {isa = PBXBuildFile; fileRef = 751CB2CFF2B219ADF766F15C /* UserDefaultsTriggerStoreTests.swift */; };
		366D78BFAC400A48DA8DB229 /* WorldState.swift in Sources */ = {isa = PBXBuildFile; fileRef = 38F457CC065D77AB10A51F1F /* WorldState.swift */; };
		371A8B34368F1C3BC0A0759D /* StatusSnapshotTests.swift in Sources */ = {isa = PBXBuildFile; fileRef = 1F94FDBB18B15DAD5F4C5FF0 /* StatusSnapshotTests.swift */; };
		38461F3F7AB276A3335C8D7A /* cafeup in Resources */ = {isa = PBXBuildFile; fileRef = 03731E4422AF3973343F9D44 /* cafeup */; };
		396BA01D3F3023ACD7974F28 /* UpdatesSectionViewModelTests.swift in Sources */ = {isa = PBXBuildFile; fileRef = F677C1C192147751D6100AA7 /* UpdatesSectionViewModelTests.swift */; };
		3A4312495B474DE59BC54AD8 /* IconStylePreferenceStoreTests.swift in Sources */ = {isa = PBXBuildFile; fileRef = 691068D02528E968BD96FBC0 /* IconStylePreferenceStoreTests.swift */; };
		3A6FCFEBD53298D1D958F6CA /* WakePolicyTests.swift in Sources */ = {isa = PBXBuildFile; fileRef = B780A37CCFA19C9B7793BDC6 /* WakePolicyTests.swift */; };
		3E80E764BC56CB9C6924470B /* TriggerEvaluationTests.swift in Sources */ = {isa = PBXBuildFile; fileRef = A8CBA8977FBB9AC910BEFC0A /* TriggerEvaluationTests.swift */; };
		3ECDD4E392FC857171A3AAC9 /* PowerSourceTests.swift in Sources */ = {isa = PBXBuildFile; fileRef = 2CE762BE73DB1023949BFE23 /* PowerSourceTests.swift */; };
		4A16EFFF484DF9D6F21AE0F1 /* FakeAppActivityObserver.swift in Sources */ = {isa = PBXBuildFile; fileRef = 04844AAADDCFEF8065C44AC7 /* FakeAppActivityObserver.swift */; };
		4A3B2A4D6F2D0A1E9676A5E0 /* Sparkle in Frameworks */ = {isa = PBXBuildFile; productRef = 777963202636C29E614FEFE3 /* Sparkle */; };
		4A73597DAAE2BAD8A3D87F02 /* WakePolicy.swift in Sources */ = {isa = PBXBuildFile; fileRef = A56F9461F6B666E1ED163CEC /* WakePolicy.swift */; };
		4C19E5B1860A156E341ADBF1 /* TriggersViewModel.swift in Sources */ = {isa = PBXBuildFile; fileRef = 1F1E399A2B13041B8862E58B /* TriggersViewModel.swift */; };
		4D69394BB042C591CF57196D /* Trigger.swift in Sources */ = {isa = PBXBuildFile; fileRef = CFC450F8644E1AE8B876DAF2 /* Trigger.swift */; };
		4DAA8238D0D184A2F3DF08AC /* TriggerEngine.swift in Sources */ = {isa = PBXBuildFile; fileRef = FCD85F9F1E1F1F020581AA65 /* TriggerEngine.swift */; };
		4E9CDA86DC5D51443492FAB3 /* FakePowerAssertionService.swift in Sources */ = {isa = PBXBuildFile; fileRef = 03C2FE9FD4834E2641C2D0A1 /* FakePowerAssertionService.swift */; };
		52C9B2DC19A10CB18D9D51EA /* ClosureMenuItem.swift in Sources */ = {isa = PBXBuildFile; fileRef = 9A8AA8ED119730602B4602C7 /* ClosureMenuItem.swift */; };
		58A271F7BBE5808E38732D68 /* AppIntentBridge.swift in Sources */ = {isa = PBXBuildFile; fileRef = D21EDB52AB46D2FFECAB8808 /* AppIntentBridge.swift */; };
		5F8F5FC1074D92000772AAF4 /* RemainingFormatter.swift in Sources */ = {isa = PBXBuildFile; fileRef = BD8BBE6E216D75FC5667763D /* RemainingFormatter.swift */; };
		62B49D055968E3F06DC7965D /* DownloadsMonitor.swift in Sources */ = {isa = PBXBuildFile; fileRef = 269A5085A2CAD0BC21E26A77 /* DownloadsMonitor.swift */; };
		62E69CE2035CB23E3CEFDFC3 /* TimeOfDay.swift in Sources */ = {isa = PBXBuildFile; fileRef = 09FAD9BB895CA387CDF1ED13 /* TimeOfDay.swift */; };
		687A468E5D998DC40594CDA9 /* TriggerDraftTests.swift in Sources */ = {isa = PBXBuildFile; fileRef = 4CD97E9AC8FAC79F59426E10 /* TriggerDraftTests.swift */; };
		6969A09C64100971DB9D87F6 /* MenuBarViewModel.swift in Sources */ = {isa = PBXBuildFile; fileRef = 94C177CF15596ABC0D07A81C /* MenuBarViewModel.swift */; };
		6A1E03FFAB6D9C044E9FF76E /* StatusBarController.swift in Sources */ = {isa = PBXBuildFile; fileRef = 028EF90250CDC1FFBDFE54A2 /* StatusBarController.swift */; };
		6BE6570F51A0D0C55CD38FF3 /* FakeUpdaterService.swift in Sources */ = {isa = PBXBuildFile; fileRef = 626CFCEB1A862A4846142380 /* FakeUpdaterService.swift */; };
		6DB0715C63249C66FE23A6E8 /* CafeUpApp.swift in Sources */ = {isa = PBXBuildFile; fileRef = 9EBAE91FAE6E7E1E18117D0F /* CafeUpApp.swift */; };
		729AA52757BC2695259C7760 /* RemainingFormatterTests.swift in Sources */ = {isa = PBXBuildFile; fileRef = CD72A324C7D29ED8798764F3 /* RemainingFormatterTests.swift */; };
		734D1F1804F97148EDE94EB1 /* FakeUserIdleObserver.swift in Sources */ = {isa = PBXBuildFile; fileRef = 5F56B5D9D56703BCB9D3A4DF /* FakeUserIdleObserver.swift */; };
		737018EE0DBF3E4E427AC43A /* AppDelegate.swift in Sources */ = {isa = PBXBuildFile; fileRef = 0EBF8F519E78A0AD7B447F1E /* AppDelegate.swift */; };
		759C827BDB12C1BFF5C83B8E /* EndAtTimeView.swift in Sources */ = {isa = PBXBuildFile; fileRef = 5F67A8820415E19B1922B479 /* EndAtTimeView.swift */; };
		76D8E2A6D444C9E7C5B19C69 /* MenuBarIcon.swift in Sources */ = {isa = PBXBuildFile; fileRef = 4013C55ACC2BEE289D82450A /* MenuBarIcon.swift */; };
		7746470A41B47F1FD7B992B7 /* FileSystemStatusWriterTests.swift in Sources */ = {isa = PBXBuildFile; fileRef = A9503F8A6CB7DD3CD04E11C7 /* FileSystemStatusWriterTests.swift */; };
		7A0CCA7B97331CDCBDB13AEA /* FakeAgentCommandHandler.swift in Sources */ = {isa = PBXBuildFile; fileRef = 34E2A9B847415BF3EB36D9BC /* FakeAgentCommandHandler.swift */; };
		7A264F86C362ACBE016C4523 /* TimeRangeTests.swift in Sources */ = {isa = PBXBuildFile; fileRef = 1747849A6CD83223536F7F25 /* TimeRangeTests.swift */; };
		7A70A3AF1035C1CE4ED18E4D /* SessionTests.swift in Sources */ = {isa = PBXBuildFile; fileRef = A80E3F2DDBDCD2BE58DADB71 /* SessionTests.swift */; };
		81A701C9D6F84D9100A1763F /* Logger.swift in Sources */ = {isa = PBXBuildFile; fileRef = 1423246595D0C11C18068969 /* Logger.swift */; };
		835F32143F6D1277A44C93C9 /* MenuBarViewSnapshotTests.swift in Sources */ = {isa = PBXBuildFile; fileRef = 8F5BC4C402216EF90C1B3FAD /* MenuBarViewSnapshotTests.swift */; };
		86F219DC490D6C6C6942A7A4 /* PolicyUpdateTests.swift in Sources */ = {isa = PBXBuildFile; fileRef = 611AC13C03FFDE75C60BEDAD /* PolicyUpdateTests.swift */; };
		8812797E3A5F300D14DD7685 /* URLCommandRouter.swift in Sources */ = {isa = PBXBuildFile; fileRef = 37280574397FE5F8D35D60C0 /* URLCommandRouter.swift */; };
		882CDD825CF9CCD62B906A54 /* TriggerEngineTests.swift in Sources */ = {isa = PBXBuildFile; fileRef = D8F55B26E9579B9729F9C94A /* TriggerEngineTests.swift */; };
		8C4C2EAFD08C31CDB267375D /* StatusBarMenuBuilder.swift in Sources */ = {isa = PBXBuildFile; fileRef = 8C775DF81E9158FF516E6506 /* StatusBarMenuBuilder.swift */; };
		8CE81A474C2A4B6017226FE0 /* WorldStateTests.swift in Sources */ = {isa = PBXBuildFile; fileRef = 3752D30545B1F1E4797D560B /* WorldStateTests.swift */; };
		9399978365DD1FF0C33ABB44 /* PowerObserver.swift in Sources */ = {isa = PBXBuildFile; fileRef = 90BEBC30EFA72337F0D56277 /* PowerObserver.swift */; };
		976254C1C1C662D5ADED3FFB /* ActiveSessionPanelSnapshotTests.swift in Sources */ = {isa = PBXBuildFile; fileRef = CF3273882F4631F90F56820A /* ActiveSessionPanelSnapshotTests.swift */; };
		997A3CDF2AE2001E933FEED5 /* SessionEngineTests.swift in Sources */ = {isa = PBXBuildFile; fileRef = 26D08D4B3276DBFA2583BF06 /* SessionEngineTests.swift */; };
		9BF0C5D26D8F9642DF66C365 /* FakeScheduleObserver.swift in Sources */ = {isa = PBXBuildFile; fileRef = 4FBB10CD7D34D9B949AF967F /* FakeScheduleObserver.swift */; };
		9C40A867D87BE77F7ED99DCF /* IconPickerView.swift in Sources */ = {isa = PBXBuildFile; fileRef = 1B787C3467606EB68A7B2E94 /* IconPickerView.swift */; };
		9D42E4559DBF9ACEBDD7F2F6 /* UpdaterService.swift in Sources */ = {isa = PBXBuildFile; fileRef = B635057479BDB7B4D477DDE1 /* UpdaterService.swift */; };
		9DC42B1A3192373C5856CEC4 /* WindowID.swift in Sources */ = {isa = PBXBuildFile; fileRef = AE68BADBB8F65610A41501D3 /* WindowID.swift */; };
		A1C598DADC39EFD69958E446 /* Scheduler.swift in Sources */ = {isa = PBXBuildFile; fileRef = 2EF488E3ADA676469E79FB02 /* Scheduler.swift */; };
		A1DD3BD13765E7E1D5BCA8E5 /* FakeAppLifetimeWatcher.swift in Sources */ = {isa = PBXBuildFile; fileRef = AE428D233960BDC175E02DD6 /* FakeAppLifetimeWatcher.swift */; };
		A56326CA0AAE0C146C10A48D /* CafeUpIntents.swift in Sources */ = {isa = PBXBuildFile; fileRef = 5C653B585DF4B6B3528D243F /* CafeUpIntents.swift */; };
		A675B9D06F0F52748405CBE5 /* Session.swift in Sources */ = {isa = PBXBuildFile; fileRef = 8D00B6D42F59ED9644434D80 /* Session.swift */; };
		AD135F88B719CC8841F0B745 /* PowerAssertionService.swift in Sources */ = {isa = PBXBuildFile; fileRef = 69C1AB8BB72E112C5D985538 /* PowerAssertionService.swift */; };
		AE5A1B188032D29078EBA44D /* MenuBarIconStyleTests.swift in Sources */ = {isa = PBXBuildFile; fileRef = D0191D4030ECAF43B83C3339 /* MenuBarIconStyleTests.swift */; };
		B505625184664F7FBB3CC16E /* WeekdayTests.swift in Sources */ = {isa = PBXBuildFile; fileRef = C657C5254FB90BCF490CB9C9 /* WeekdayTests.swift */; };
		B55F6B4BC0C3E46EF589F484 /* TriggerCondition.swift in Sources */ = {isa = PBXBuildFile; fileRef = DE25E0F35DEEEB4193E7831E /* TriggerCondition.swift */; };
		B638B3282AE2DF4852D06033 /* MenuBarViewModelScreenSaverTests.swift in Sources */ = {isa = PBXBuildFile; fileRef = 1719D7F7BABE901960DE7E7D /* MenuBarViewModelScreenSaverTests.swift */; };
		B78C47230924631EF4CBF00B /* SessionAlertSounds.swift in Sources */ = {isa = PBXBuildFile; fileRef = BD0FB7156CB989D8E82A1D63 /* SessionAlertSounds.swift */; };
		BA268A848ECB3704BB377E2C /* SessionError.swift in Sources */ = {isa = PBXBuildFile; fileRef = 37A5B01FCF1EE62C07FBAFE0 /* SessionError.swift */; };
		BBA52F990EC1C7763ED18312 /* CompositionRoot.swift in Sources */ = {isa = PBXBuildFile; fileRef = 2659B06B87D5D39839407DAA /* CompositionRoot.swift */; };
		BEB871150EE6A428D1AFEA28 /* ActiveSessionPanel.swift in Sources */ = {isa = PBXBuildFile; fileRef = 992F6C8D08CE37798EAA2FCA /* ActiveSessionPanel.swift */; };
		C192C6B38A6D448470934567 /* AppLifetimeWatcher.swift in Sources */ = {isa = PBXBuildFile; fileRef = CAADA5C51C29BCF012CB00B1 /* AppLifetimeWatcher.swift */; };
		C7BECDEABDC2548ADB995908 /* DividedDiscGlyph.swift in Sources */ = {isa = PBXBuildFile; fileRef = 35C68D8A9DA35A540E6EA682 /* DividedDiscGlyph.swift */; };
		CC64147CE4D569225DBB5E9F /* AppActivityObserver.swift in Sources */ = {isa = PBXBuildFile; fileRef = E76705E1E021E5C1EC29FE60 /* AppActivityObserver.swift */; };
		CE484915676B3B92FB57A275 /* MenuBarView.swift in Sources */ = {isa = PBXBuildFile; fileRef = 1BE9DAB4B22640A82A201FCD /* MenuBarView.swift */; };
		CE64FAEBC4560EF1AAEFF5F8 /* MenuBarViewModelTickerTests.swift in Sources */ = {isa = PBXBuildFile; fileRef = DB7FBE32B56A88B2ABCA6068 /* MenuBarViewModelTickerTests.swift */; };
		D0B86C02A4CD027CA771BDF6 /* DownloadsMonitorTests.swift in Sources */ = {isa = PBXBuildFile; fileRef = 1EAF1B0139BE9C5D26CCAC91 /* DownloadsMonitorTests.swift */; };
		D2ED23A640407835889100BB /* Clock.swift in Sources */ = {isa = PBXBuildFile; fileRef = 706999F3405F06D5D78D79BB /* Clock.swift */; };
		D3E4327C10E5E6D8C3211898 /* FakeAppPicker.swift in Sources */ = {isa = PBXBuildFile; fileRef = 49A7797F76E060E49CBDEF8B /* FakeAppPicker.swift */; };
		D56BCE7A7D95C3D9990E5297 /* SolidCircleGlyph.swift in Sources */ = {isa = PBXBuildFile; fileRef = 22A2C797EBD3352E24EC1C18 /* SolidCircleGlyph.swift */; };
		D9D34DD8C9688D96B6C93156 /* TimeOfDayTests.swift in Sources */ = {isa = PBXBuildFile; fileRef = 1CA345126C90108C9056DEE3 /* TimeOfDayTests.swift */; };
		DA1377B265130D0684712814 /* StatusFilePublisherTests.swift in Sources */ = {isa = PBXBuildFile; fileRef = 3897F2FB1FF358E6467E3C3E /* StatusFilePublisherTests.swift */; };
		DD50CD1E0883F70EEA95CD21 /* MenuBarViewModelTests.swift in Sources */ = {isa = PBXBuildFile; fileRef = EBE476EFD7620C5AD1840390 /* MenuBarViewModelTests.swift */; };
		DDD52D821915157BB77A9BE7 /* InMemoryIconStyleStore.swift in Sources */ = {isa = PBXBuildFile; fileRef = 85C90079D6C582B1BC3DF4E8 /* InMemoryIconStyleStore.swift */; };
		DDD935B7695DBC2BBC51EB54 /* Weekday.swift in Sources */ = {isa = PBXBuildFile; fileRef = 76B47B1A5505E73883E0145F /* Weekday.swift */; };
		DF0E46FD0E40EB84DD010464 /* SessionEngine.swift in Sources */ = {isa = PBXBuildFile; fileRef = 2137ECFD08500FCE594FA58F /* SessionEngine.swift */; };
		DFAE6EBA6EB9BDD3EC5CDE81 /* InMemoryTriggerStore.swift in Sources */ = {isa = PBXBuildFile; fileRef = D93F9BA8561BD4F640CFD4FE /* InMemoryTriggerStore.swift */; };
		DFE31D60B5C81BEFD956ABD3 /* ScheduleObserver.swift in Sources */ = {isa = PBXBuildFile; fileRef = 017CAFB7041C8A4E56160CDF /* ScheduleObserver.swift */; };
		E1CFCECB261AD351E0C7FA93 /* AppearanceViewModelTests.swift in Sources */ = {isa = PBXBuildFile; fileRef = C2885D96EC8A24BFB573B291 /* AppearanceViewModelTests.swift */; };
		E406A6BE7B2367C3137E0F25 /* SessionPresetTests.swift in Sources */ = {isa = PBXBuildFile; fileRef = 77F3CF51DC1F84B392C9D17E /* SessionPresetTests.swift */; };
		E43CF2AE7DAC67257F437F1A /* AppPicker.swift in Sources */ = {isa = PBXBuildFile; fileRef = 8149C5EF72481F822EFB0412 /* AppPicker.swift */; };
		ED9E5F9E2954DB49B1CEA6F2 /* StatusFilePublisher.swift in Sources */ = {isa = PBXBuildFile; fileRef = 214A6C1BFB8C19A9E9F2639F /* StatusFilePublisher.swift */; };
		EFCEAFF60BC6BB2872591599 /* FakeClock.swift in Sources */ = {isa = PBXBuildFile; fileRef = 939E48BAAFBF4BFBFED20E6E /* FakeClock.swift */; };
		F831039E4FD952CF11E7ABEB /* AppIntentBridgeTests.swift in Sources */ = {isa = PBXBuildFile; fileRef = DAA677AEC29E70F88D0492BB /* AppIntentBridgeTests.swift */; };
		F93CE9FF6253EBB5EE63CE31 /* PowerSource.swift in Sources */ = {isa = PBXBuildFile; fileRef = DDC3C71755041002A51D2DCB /* PowerSource.swift */; };
		F9B5E6E12F399F222C2C9438 /* URLCommandRouterTests.swift in Sources */ = {isa = PBXBuildFile; fileRef = 0CCE9C1BA90EF2B5D153DA57 /* URLCommandRouterTests.swift */; };
		FC510B8A770B55256C1F4E9B /* UserIdleObserver.swift in Sources */ = {isa = PBXBuildFile; fileRef = C1196A1AF58067EF5D62051C /* UserIdleObserver.swift */; };
		FF35C7B89268E5DCFC087AC0 /* StatusSnapshot.swift in Sources */ = {isa = PBXBuildFile; fileRef = 0FF54D49369486ABE3B767B7 /* StatusSnapshot.swift */; };
/* End PBXBuildFile section */

/* Begin PBXContainerItemProxy section */
		CD6CF95742A5AE06DE9316C6 /* PBXContainerItemProxy */ = {
			isa = PBXContainerItemProxy;
			containerPortal = CFDFC7CE06F54F4E1A626278 /* Project object */;
			proxyType = 1;
			remoteGlobalIDString = 3587F78BCB16A56B0A6A5FE5;
			remoteInfo = CafeUp;
		};
/* End PBXContainerItemProxy section */

/* Begin PBXFileReference section */
		017CAFB7041C8A4E56160CDF /* ScheduleObserver.swift */ = {isa = PBXFileReference; lastKnownFileType = sourcecode.swift; path = ScheduleObserver.swift; sourceTree = "<group>"; };
		028EF90250CDC1FFBDFE54A2 /* StatusBarController.swift */ = {isa = PBXFileReference; lastKnownFileType = sourcecode.swift; path = StatusBarController.swift; sourceTree = "<group>"; };
		03731E4422AF3973343F9D44 /* cafeup */ = {isa = PBXFileReference; path = cafeup; sourceTree = "<group>"; };
		03C2FE9FD4834E2641C2D0A1 /* FakePowerAssertionService.swift */ = {isa = PBXFileReference; lastKnownFileType = sourcecode.swift; path = FakePowerAssertionService.swift; sourceTree = "<group>"; };
		04844AAADDCFEF8065C44AC7 /* FakeAppActivityObserver.swift */ = {isa = PBXFileReference; lastKnownFileType = sourcecode.swift; path = FakeAppActivityObserver.swift; sourceTree = "<group>"; };
		09D7F87B56A4FFC3B20B2FAB /* TriggersViewModelTests.swift */ = {isa = PBXFileReference; lastKnownFileType = sourcecode.swift; path = TriggersViewModelTests.swift; sourceTree = "<group>"; };
		09FAD9BB895CA387CDF1ED13 /* TimeOfDay.swift */ = {isa = PBXFileReference; lastKnownFileType = sourcecode.swift; path = TimeOfDay.swift; sourceTree = "<group>"; };
		0CCE9C1BA90EF2B5D153DA57 /* URLCommandRouterTests.swift */ = {isa = PBXFileReference; lastKnownFileType = sourcecode.swift; path = URLCommandRouterTests.swift; sourceTree = "<group>"; };
		0CF1103942587929C0B78085 /* CustomDurationView.swift */ = {isa = PBXFileReference; lastKnownFileType = sourcecode.swift; path = CustomDurationView.swift; sourceTree = "<group>"; };
		0D62AA62BC6640AE6A71CE93 /* TriggerStore.swift */ = {isa = PBXFileReference; lastKnownFileType = sourcecode.swift; path = TriggerStore.swift; sourceTree = "<group>"; };
		0EBF8F519E78A0AD7B447F1E /* AppDelegate.swift */ = {isa = PBXFileReference; lastKnownFileType = sourcecode.swift; path = AppDelegate.swift; sourceTree = "<group>"; };
		0FF54D49369486ABE3B767B7 /* StatusSnapshot.swift */ = {isa = PBXFileReference; lastKnownFileType = sourcecode.swift; path = StatusSnapshot.swift; sourceTree = "<group>"; };
		1423246595D0C11C18068969 /* Logger.swift */ = {isa = PBXFileReference; lastKnownFileType = sourcecode.swift; path = Logger.swift; sourceTree = "<group>"; };
		1657119BD6C2AE4B52FC0646 /* SessionMode.swift */ = {isa = PBXFileReference; lastKnownFileType = sourcecode.swift; path = SessionMode.swift; sourceTree = "<group>"; };
		1719D7F7BABE901960DE7E7D /* MenuBarViewModelScreenSaverTests.swift */ = {isa = PBXFileReference; lastKnownFileType = sourcecode.swift; path = MenuBarViewModelScreenSaverTests.swift; sourceTree = "<group>"; };
		1747849A6CD83223536F7F25 /* TimeRangeTests.swift */ = {isa = PBXFileReference; lastKnownFileType = sourcecode.swift; path = TimeRangeTests.swift; sourceTree = "<group>"; };
		1880D06F5BB639EDA2B45FD0 /* PolicyUpdate.swift */ = {isa = PBXFileReference; lastKnownFileType = sourcecode.swift; path = PolicyUpdate.swift; sourceTree = "<group>"; };
		1B787C3467606EB68A7B2E94 /* IconPickerView.swift */ = {isa = PBXFileReference; lastKnownFileType = sourcecode.swift; path = IconPickerView.swift; sourceTree = "<group>"; };
		1BE9DAB4B22640A82A201FCD /* MenuBarView.swift */ = {isa = PBXFileReference; lastKnownFileType = sourcecode.swift; path = MenuBarView.swift; sourceTree = "<group>"; };
		1CA345126C90108C9056DEE3 /* TimeOfDayTests.swift */ = {isa = PBXFileReference; lastKnownFileType = sourcecode.swift; path = TimeOfDayTests.swift; sourceTree = "<group>"; };
		1EAF1B0139BE9C5D26CCAC91 /* DownloadsMonitorTests.swift */ = {isa = PBXFileReference; lastKnownFileType = sourcecode.swift; path = DownloadsMonitorTests.swift; sourceTree = "<group>"; };
		1F1E399A2B13041B8862E58B /* TriggersViewModel.swift */ = {isa = PBXFileReference; lastKnownFileType = sourcecode.swift; path = TriggersViewModel.swift; sourceTree = "<group>"; };
		1F94FDBB18B15DAD5F4C5FF0 /* StatusSnapshotTests.swift */ = {isa = PBXFileReference; lastKnownFileType = sourcecode.swift; path = StatusSnapshotTests.swift; sourceTree = "<group>"; };
		1F9C41DB3447DFF7813B1631 /* FakeSessionAlertSounds.swift */ = {isa = PBXFileReference; lastKnownFileType = sourcecode.swift; path = FakeSessionAlertSounds.swift; sourceTree = "<group>"; };
		2137ECFD08500FCE594FA58F /* SessionEngine.swift */ = {isa = PBXFileReference; lastKnownFileType = sourcecode.swift; path = SessionEngine.swift; sourceTree = "<group>"; };
		214A6C1BFB8C19A9E9F2639F /* StatusFilePublisher.swift */ = {isa = PBXFileReference; lastKnownFileType = sourcecode.swift; path = StatusFilePublisher.swift; sourceTree = "<group>"; };
		22A2C797EBD3352E24EC1C18 /* SolidCircleGlyph.swift */ = {isa = PBXFileReference; lastKnownFileType = sourcecode.swift; path = SolidCircleGlyph.swift; sourceTree = "<group>"; };
		2446B1B4F49B5716EB80DAE0 /* AppIcon.icns */ = {isa = PBXFileReference; lastKnownFileType = image.icns; path = AppIcon.icns; sourceTree = "<group>"; };
		26126BA41BCDA9B054EEB969 /* SessionPresets.swift */ = {isa = PBXFileReference; lastKnownFileType = sourcecode.swift; path = SessionPresets.swift; sourceTree = "<group>"; };
		2659B06B87D5D39839407DAA /* CompositionRoot.swift */ = {isa = PBXFileReference; lastKnownFileType = sourcecode.swift; path = CompositionRoot.swift; sourceTree = "<group>"; };
		269A5085A2CAD0BC21E26A77 /* DownloadsMonitor.swift */ = {isa = PBXFileReference; lastKnownFileType = sourcecode.swift; path = DownloadsMonitor.swift; sourceTree = "<group>"; };
		26D08D4B3276DBFA2583BF06 /* SessionEngineTests.swift */ = {isa = PBXFileReference; lastKnownFileType = sourcecode.swift; path = SessionEngineTests.swift; sourceTree = "<group>"; };
		2A73CB904222F12F51464D11 /* UpdatesSectionViewModel.swift */ = {isa = PBXFileReference; lastKnownFileType = sourcecode.swift; path = UpdatesSectionViewModel.swift; sourceTree = "<group>"; };
		2CE762BE73DB1023949BFE23 /* PowerSourceTests.swift */ = {isa = PBXFileReference; lastKnownFileType = sourcecode.swift; path = PowerSourceTests.swift; sourceTree = "<group>"; };
		2D20AF47AEFFD6F46499D7E0 /* StatusWriter.swift */ = {isa = PBXFileReference; lastKnownFileType = sourcecode.swift; path = StatusWriter.swift; sourceTree = "<group>"; };
		2EF488E3ADA676469E79FB02 /* Scheduler.swift */ = {isa = PBXFileReference; lastKnownFileType = sourcecode.swift; path = Scheduler.swift; sourceTree = "<group>"; };
		34E2A9B847415BF3EB36D9BC /* FakeAgentCommandHandler.swift */ = {isa = PBXFileReference; lastKnownFileType = sourcecode.swift; path = FakeAgentCommandHandler.swift; sourceTree = "<group>"; };
		35C68D8A9DA35A540E6EA682 /* DividedDiscGlyph.swift */ = {isa = PBXFileReference; lastKnownFileType = sourcecode.swift; path = DividedDiscGlyph.swift; sourceTree = "<group>"; };
		37280574397FE5F8D35D60C0 /* URLCommandRouter.swift */ = {isa = PBXFileReference; lastKnownFileType = sourcecode.swift; path = URLCommandRouter.swift; sourceTree = "<group>"; };
		3752D30545B1F1E4797D560B /* WorldStateTests.swift */ = {isa = PBXFileReference; lastKnownFileType = sourcecode.swift; path = WorldStateTests.swift; sourceTree = "<group>"; };
		37A5B01FCF1EE62C07FBAFE0 /* SessionError.swift */ = {isa = PBXFileReference; lastKnownFileType = sourcecode.swift; path = SessionError.swift; sourceTree = "<group>"; };
		3897F2FB1FF358E6467E3C3E /* StatusFilePublisherTests.swift */ = {isa = PBXFileReference; lastKnownFileType = sourcecode.swift; path = StatusFilePublisherTests.swift; sourceTree = "<group>"; };
		38F457CC065D77AB10A51F1F /* WorldState.swift */ = {isa = PBXFileReference; lastKnownFileType = sourcecode.swift; path = WorldState.swift; sourceTree = "<group>"; };
		4013C55ACC2BEE289D82450A /* MenuBarIcon.swift */ = {isa = PBXFileReference; lastKnownFileType = sourcecode.swift; path = MenuBarIcon.swift; sourceTree = "<group>"; };
		41C77505CC457C22BC719876 /* FakeScheduler.swift */ = {isa = PBXFileReference; lastKnownFileType = sourcecode.swift; path = FakeScheduler.swift; sourceTree = "<group>"; };
		49A7797F76E060E49CBDEF8B /* FakeAppPicker.swift */ = {isa = PBXFileReference; lastKnownFileType = sourcecode.swift; path = FakeAppPicker.swift; sourceTree = "<group>"; };
		4B7E99F3ED4C56BA5326608F /* FakeStatusWriter.swift */ = {isa = PBXFileReference; lastKnownFileType = sourcecode.swift; path = FakeStatusWriter.swift; sourceTree = "<group>"; };
		4CD97E9AC8FAC79F59426E10 /* TriggerDraftTests.swift */ = {isa = PBXFileReference; lastKnownFileType = sourcecode.swift; path = TriggerDraftTests.swift; sourceTree = "<group>"; };
		4FBB10CD7D34D9B949AF967F /* FakeScheduleObserver.swift */ = {isa = PBXFileReference; lastKnownFileType = sourcecode.swift; path = FakeScheduleObserver.swift; sourceTree = "<group>"; };
		5688F8984A5FD5B10F56AFAC /* FakeDownloadsMonitor.swift */ = {isa = PBXFileReference; lastKnownFileType = sourcecode.swift; path = FakeDownloadsMonitor.swift; sourceTree = "<group>"; };
		5C653B585DF4B6B3528D243F /* CafeUpIntents.swift */ = {isa = PBXFileReference; lastKnownFileType = sourcecode.swift; path = CafeUpIntents.swift; sourceTree = "<group>"; };
		5F56B5D9D56703BCB9D3A4DF /* FakeUserIdleObserver.swift */ = {isa = PBXFileReference; lastKnownFileType = sourcecode.swift; path = FakeUserIdleObserver.swift; sourceTree = "<group>"; };
		5F67A8820415E19B1922B479 /* EndAtTimeView.swift */ = {isa = PBXFileReference; lastKnownFileType = sourcecode.swift; path = EndAtTimeView.swift; sourceTree = "<group>"; };
		611AC13C03FFDE75C60BEDAD /* PolicyUpdateTests.swift */ = {isa = PBXFileReference; lastKnownFileType = sourcecode.swift; path = PolicyUpdateTests.swift; sourceTree = "<group>"; };
		626CFCEB1A862A4846142380 /* FakeUpdaterService.swift */ = {isa = PBXFileReference; lastKnownFileType = sourcecode.swift; path = FakeUpdaterService.swift; sourceTree = "<group>"; };
		6547C3FBF48EBEB0B47B7A12 /* Info.plist */ = {isa = PBXFileReference; lastKnownFileType = text.plist; path = Info.plist; sourceTree = "<group>"; };
		65ABC2EE2FE3B1D319166007 /* IconStylePreferenceStore.swift */ = {isa = PBXFileReference; lastKnownFileType = sourcecode.swift; path = IconStylePreferenceStore.swift; sourceTree = "<group>"; };
		691068D02528E968BD96FBC0 /* IconStylePreferenceStoreTests.swift */ = {isa = PBXFileReference; lastKnownFileType = sourcecode.swift; path = IconStylePreferenceStoreTests.swift; sourceTree = "<group>"; };
		69C1AB8BB72E112C5D985538 /* PowerAssertionService.swift */ = {isa = PBXFileReference; lastKnownFileType = sourcecode.swift; path = PowerAssertionService.swift; sourceTree = "<group>"; };
		69CC1BE1A64D441D6EAFCA0D /* FakePowerObserver.swift */ = {isa = PBXFileReference; lastKnownFileType = sourcecode.swift; path = FakePowerObserver.swift; sourceTree = "<group>"; };
		706999F3405F06D5D78D79BB /* Clock.swift */ = {isa = PBXFileReference; lastKnownFileType = sourcecode.swift; path = Clock.swift; sourceTree = "<group>"; };
		751CB2CFF2B219ADF766F15C /* UserDefaultsTriggerStoreTests.swift */ = {isa = PBXFileReference; lastKnownFileType = sourcecode.swift; path = UserDefaultsTriggerStoreTests.swift; sourceTree = "<group>"; };
		76B47B1A5505E73883E0145F /* Weekday.swift */ = {isa = PBXFileReference; lastKnownFileType = sourcecode.swift; path = Weekday.swift; sourceTree = "<group>"; };
		77F3CF51DC1F84B392C9D17E /* SessionPresetTests.swift */ = {isa = PBXFileReference; lastKnownFileType = sourcecode.swift; path = SessionPresetTests.swift; sourceTree = "<group>"; };
		7CF6475DAF5ADAB6D03BC8BF /* MenuBarIconStyle.swift */ = {isa = PBXFileReference; lastKnownFileType = sourcecode.swift; path = MenuBarIconStyle.swift; sourceTree = "<group>"; };
		8149C5EF72481F822EFB0412 /* AppPicker.swift */ = {isa = PBXFileReference; lastKnownFileType = sourcecode.swift; path = AppPicker.swift; sourceTree = "<group>"; };
		85BAB529CFDE02F7052C376E /* CafeUpTests.xctest */ = {isa = PBXFileReference; explicitFileType = wrapper.cfbundle; includeInIndex = 0; path = CafeUpTests.xctest; sourceTree = BUILT_PRODUCTS_DIR; };
		85C90079D6C582B1BC3DF4E8 /* InMemoryIconStyleStore.swift */ = {isa = PBXFileReference; lastKnownFileType = sourcecode.swift; path = InMemoryIconStyleStore.swift; sourceTree = "<group>"; };
		8C775DF81E9158FF516E6506 /* StatusBarMenuBuilder.swift */ = {isa = PBXFileReference; lastKnownFileType = sourcecode.swift; path = StatusBarMenuBuilder.swift; sourceTree = "<group>"; };
		8D00B6D42F59ED9644434D80 /* Session.swift */ = {isa = PBXFileReference; lastKnownFileType = sourcecode.swift; path = Session.swift; sourceTree = "<group>"; };
		8F5BC4C402216EF90C1B3FAD /* MenuBarViewSnapshotTests.swift */ = {isa = PBXFileReference; lastKnownFileType = sourcecode.swift; path = MenuBarViewSnapshotTests.swift; sourceTree = "<group>"; };
		90BEBC30EFA72337F0D56277 /* PowerObserver.swift */ = {isa = PBXFileReference; lastKnownFileType = sourcecode.swift; path = PowerObserver.swift; sourceTree = "<group>"; };
		9293A1D19E374CE76F42545F /* FakeSessionLifecycle.swift */ = {isa = PBXFileReference; lastKnownFileType = sourcecode.swift; path = FakeSessionLifecycle.swift; sourceTree = "<group>"; };
		939E48BAAFBF4BFBFED20E6E /* FakeClock.swift */ = {isa = PBXFileReference; lastKnownFileType = sourcecode.swift; path = FakeClock.swift; sourceTree = "<group>"; };
		94C177CF15596ABC0D07A81C /* MenuBarViewModel.swift */ = {isa = PBXFileReference; lastKnownFileType = sourcecode.swift; path = MenuBarViewModel.swift; sourceTree = "<group>"; };
		992F6C8D08CE37798EAA2FCA /* ActiveSessionPanel.swift */ = {isa = PBXFileReference; lastKnownFileType = sourcecode.swift; path = ActiveSessionPanel.swift; sourceTree = "<group>"; };
		9A8AA8ED119730602B4602C7 /* ClosureMenuItem.swift */ = {isa = PBXFileReference; lastKnownFileType = sourcecode.swift; path = ClosureMenuItem.swift; sourceTree = "<group>"; };
		9EBAE91FAE6E7E1E18117D0F /* CafeUpApp.swift */ = {isa = PBXFileReference; lastKnownFileType = sourcecode.swift; path = CafeUpApp.swift; sourceTree = "<group>"; };
		A3C2114D00F2D1BBAA2491BF /* TriggerDraft.swift */ = {isa = PBXFileReference; lastKnownFileType = sourcecode.swift; path = TriggerDraft.swift; sourceTree = "<group>"; };
		A56F9461F6B666E1ED163CEC /* WakePolicy.swift */ = {isa = PBXFileReference; lastKnownFileType = sourcecode.swift; path = WakePolicy.swift; sourceTree = "<group>"; };
		A80E3F2DDBDCD2BE58DADB71 /* SessionTests.swift */ = {isa = PBXFileReference; lastKnownFileType = sourcecode.swift; path = SessionTests.swift; sourceTree = "<group>"; };
		A8CBA8977FBB9AC910BEFC0A /* TriggerEvaluationTests.swift */ = {isa = PBXFileReference; lastKnownFileType = sourcecode.swift; path = TriggerEvaluationTests.swift; sourceTree = "<group>"; };
		A9503F8A6CB7DD3CD04E11C7 /* FileSystemStatusWriterTests.swift */ = {isa = PBXFileReference; lastKnownFileType = sourcecode.swift; path = FileSystemStatusWriterTests.swift; sourceTree = "<group>"; };
		AE428D233960BDC175E02DD6 /* FakeAppLifetimeWatcher.swift */ = {isa = PBXFileReference; lastKnownFileType = sourcecode.swift; path = FakeAppLifetimeWatcher.swift; sourceTree = "<group>"; };
		AE68BADBB8F65610A41501D3 /* WindowID.swift */ = {isa = PBXFileReference; lastKnownFileType = sourcecode.swift; path = WindowID.swift; sourceTree = "<group>"; };
		B09FC3298A309B490C270E39 /* AppearanceViewModel.swift */ = {isa = PBXFileReference; lastKnownFileType = sourcecode.swift; path = AppearanceViewModel.swift; sourceTree = "<group>"; };
		B3CE251C78C94D5CF495C4D2 /* MenuBarViewModelAutoStopTests.swift */ = {isa = PBXFileReference; lastKnownFileType = sourcecode.swift; path = MenuBarViewModelAutoStopTests.swift; sourceTree = "<group>"; };
		B635057479BDB7B4D477DDE1 /* UpdaterService.swift */ = {isa = PBXFileReference; lastKnownFileType = sourcecode.swift; path = UpdaterService.swift; sourceTree = "<group>"; };
		B71B325249F966BC5C55FD1D /* TriggerEditorView.swift */ = {isa = PBXFileReference; lastKnownFileType = sourcecode.swift; path = TriggerEditorView.swift; sourceTree = "<group>"; };
		B780A37CCFA19C9B7793BDC6 /* WakePolicyTests.swift */ = {isa = PBXFileReference; lastKnownFileType = sourcecode.swift; path = WakePolicyTests.swift; sourceTree = "<group>"; };
		BD0FB7156CB989D8E82A1D63 /* SessionAlertSounds.swift */ = {isa = PBXFileReference; lastKnownFileType = sourcecode.swift; path = SessionAlertSounds.swift; sourceTree = "<group>"; };
		BD8BBE6E216D75FC5667763D /* RemainingFormatter.swift */ = {isa = PBXFileReference; lastKnownFileType = sourcecode.swift; path = RemainingFormatter.swift; sourceTree = "<group>"; };
		C1196A1AF58067EF5D62051C /* UserIdleObserver.swift */ = {isa = PBXFileReference; lastKnownFileType = sourcecode.swift; path = UserIdleObserver.swift; sourceTree = "<group>"; };
		C2885D96EC8A24BFB573B291 /* AppearanceViewModelTests.swift */ = {isa = PBXFileReference; lastKnownFileType = sourcecode.swift; path = AppearanceViewModelTests.swift; sourceTree = "<group>"; };
		C657C5254FB90BCF490CB9C9 /* WeekdayTests.swift */ = {isa = PBXFileReference; lastKnownFileType = sourcecode.swift; path = WeekdayTests.swift; sourceTree = "<group>"; };
		C75F84574131A8966246F0F1 /* SettingsView.swift */ = {isa = PBXFileReference; lastKnownFileType = sourcecode.swift; path = SettingsView.swift; sourceTree = "<group>"; };
		CAADA5C51C29BCF012CB00B1 /* AppLifetimeWatcher.swift */ = {isa = PBXFileReference; lastKnownFileType = sourcecode.swift; path = AppLifetimeWatcher.swift; sourceTree = "<group>"; };
		CD014DD9FC2DFB94C5689625 /* CafeUp.app */ = {isa = PBXFileReference; explicitFileType = wrapper.application; includeInIndex = 0; path = CafeUp.app; sourceTree = BUILT_PRODUCTS_DIR; };
		CD72A324C7D29ED8798764F3 /* RemainingFormatterTests.swift */ = {isa = PBXFileReference; lastKnownFileType = sourcecode.swift; path = RemainingFormatterTests.swift; sourceTree = "<group>"; };
		CF3273882F4631F90F56820A /* ActiveSessionPanelSnapshotTests.swift */ = {isa = PBXFileReference; lastKnownFileType = sourcecode.swift; path = ActiveSessionPanelSnapshotTests.swift; sourceTree = "<group>"; };
		CFC450F8644E1AE8B876DAF2 /* Trigger.swift */ = {isa = PBXFileReference; lastKnownFileType = sourcecode.swift; path = Trigger.swift; sourceTree = "<group>"; };
		D0191D4030ECAF43B83C3339 /* MenuBarIconStyleTests.swift */ = {isa = PBXFileReference; lastKnownFileType = sourcecode.swift; path = MenuBarIconStyleTests.swift; sourceTree = "<group>"; };
		D21EDB52AB46D2FFECAB8808 /* AppIntentBridge.swift */ = {isa = PBXFileReference; lastKnownFileType = sourcecode.swift; path = AppIntentBridge.swift; sourceTree = "<group>"; };
		D8F55B26E9579B9729F9C94A /* TriggerEngineTests.swift */ = {isa = PBXFileReference; lastKnownFileType = sourcecode.swift; path = TriggerEngineTests.swift; sourceTree = "<group>"; };
		D93F9BA8561BD4F640CFD4FE /* InMemoryTriggerStore.swift */ = {isa = PBXFileReference; lastKnownFileType = sourcecode.swift; path = InMemoryTriggerStore.swift; sourceTree = "<group>"; };
		DA4C2A518C6E67171E718E50 /* TriggersView.swift */ = {isa = PBXFileReference; lastKnownFileType = sourcecode.swift; path = TriggersView.swift; sourceTree = "<group>"; };
		DAA677AEC29E70F88D0492BB /* AppIntentBridgeTests.swift */ = {isa = PBXFileReference; lastKnownFileType = sourcecode.swift; path = AppIntentBridgeTests.swift; sourceTree = "<group>"; };
		DB7FBE32B56A88B2ABCA6068 /* MenuBarViewModelTickerTests.swift */ = {isa = PBXFileReference; lastKnownFileType = sourcecode.swift; path = MenuBarViewModelTickerTests.swift; sourceTree = "<group>"; };
		DB9316C636281A319067EC28 /* TimeRange.swift */ = {isa = PBXFileReference; lastKnownFileType = sourcecode.swift; path = TimeRange.swift; sourceTree = "<group>"; };
		DDC3C71755041002A51D2DCB /* PowerSource.swift */ = {isa = PBXFileReference; lastKnownFileType = sourcecode.swift; path = PowerSource.swift; sourceTree = "<group>"; };
		DE25E0F35DEEEB4193E7831E /* TriggerCondition.swift */ = {isa = PBXFileReference; lastKnownFileType = sourcecode.swift; path = TriggerCondition.swift; sourceTree = "<group>"; };
		E76705E1E021E5C1EC29FE60 /* AppActivityObserver.swift */ = {isa = PBXFileReference; lastKnownFileType = sourcecode.swift; path = AppActivityObserver.swift; sourceTree = "<group>"; };
		EBE476EFD7620C5AD1840390 /* MenuBarViewModelTests.swift */ = {isa = PBXFileReference; lastKnownFileType = sourcecode.swift; path = MenuBarViewModelTests.swift; sourceTree = "<group>"; };
		F677C1C192147751D6100AA7 /* UpdatesSectionViewModelTests.swift */ = {isa = PBXFileReference; lastKnownFileType = sourcecode.swift; path = UpdatesSectionViewModelTests.swift; sourceTree = "<group>"; };
		FCD85F9F1E1F1F020581AA65 /* TriggerEngine.swift */ = {isa = PBXFileReference; lastKnownFileType = sourcecode.swift; path = TriggerEngine.swift; sourceTree = "<group>"; };
/* End PBXFileReference section */

/* Begin PBXFrameworksBuildPhase section */
		7D42E57D823430165A3880EA /* Frameworks */ = {
			isa = PBXFrameworksBuildPhase;
			buildActionMask = 2147483647;
			files = (
				4A3B2A4D6F2D0A1E9676A5E0 /* Sparkle in Frameworks */,
			);
			runOnlyForDeploymentPostprocessing = 0;
		};
/* End PBXFrameworksBuildPhase section */

/* Begin PBXGroup section */
		054D00627BC8A90DC6E97970 /* Triggers */ = {
			isa = PBXGroup;
			children = (
				8149C5EF72481F822EFB0412 /* AppPicker.swift */,
				A3C2114D00F2D1BBAA2491BF /* TriggerDraft.swift */,
				B71B325249F966BC5C55FD1D /* TriggerEditorView.swift */,
				DA4C2A518C6E67171E718E50 /* TriggersView.swift */,
				1F1E399A2B13041B8862E58B /* TriggersViewModel.swift */,
			);
			path = Triggers;
			sourceTree = "<group>";
		};
		1BCCE2209E234ED1AAB71C41 /* Fakes */ = {
			isa = PBXGroup;
			children = (
				34E2A9B847415BF3EB36D9BC /* FakeAgentCommandHandler.swift */,
				04844AAADDCFEF8065C44AC7 /* FakeAppActivityObserver.swift */,
				AE428D233960BDC175E02DD6 /* FakeAppLifetimeWatcher.swift */,
				49A7797F76E060E49CBDEF8B /* FakeAppPicker.swift */,
				939E48BAAFBF4BFBFED20E6E /* FakeClock.swift */,
				5688F8984A5FD5B10F56AFAC /* FakeDownloadsMonitor.swift */,
				03C2FE9FD4834E2641C2D0A1 /* FakePowerAssertionService.swift */,
				69CC1BE1A64D441D6EAFCA0D /* FakePowerObserver.swift */,
				4FBB10CD7D34D9B949AF967F /* FakeScheduleObserver.swift */,
				41C77505CC457C22BC719876 /* FakeScheduler.swift */,
				1F9C41DB3447DFF7813B1631 /* FakeSessionAlertSounds.swift */,
				9293A1D19E374CE76F42545F /* FakeSessionLifecycle.swift */,
				4B7E99F3ED4C56BA5326608F /* FakeStatusWriter.swift */,
				626CFCEB1A862A4846142380 /* FakeUpdaterService.swift */,
				5F56B5D9D56703BCB9D3A4DF /* FakeUserIdleObserver.swift */,
				85C90079D6C582B1BC3DF4E8 /* InMemoryIconStyleStore.swift */,
				D93F9BA8561BD4F640CFD4FE /* InMemoryTriggerStore.swift */,
			);
			path = Fakes;
			sourceTree = "<group>";
		};
		2F87F7D5F90D00F29770826E /* Appearance */ = {
			isa = PBXGroup;
			children = (
				B09FC3298A309B490C270E39 /* AppearanceViewModel.swift */,
				35C68D8A9DA35A540E6EA682 /* DividedDiscGlyph.swift */,
				1B787C3467606EB68A7B2E94 /* IconPickerView.swift */,
				22A2C797EBD3352E24EC1C18 /* SolidCircleGlyph.swift */,
			);
			path = Appearance;
			sourceTree = "<group>";
		};
		2F90E656E1D80CE5A1740001 /* Features */ = {
			isa = PBXGroup;
			children = (
				2F87F7D5F90D00F29770826E /* Appearance */,
				66389A6F125084146EAAF492 /* MenuBar */,
				AF81C43EC3496C1C60D6028C /* Settings */,
				054D00627BC8A90DC6E97970 /* Triggers */,
				8FD17E458B593FD5CDC94609 /* Updates */,
			);
			path = Features;
			sourceTree = "<group>";
		};
		38B909CAA65D69F440D4BA68 /* Domain */ = {
			isa = PBXGroup;
			children = (
				7CF6475DAF5ADAB6D03BC8BF /* MenuBarIconStyle.swift */,
				1880D06F5BB639EDA2B45FD0 /* PolicyUpdate.swift */,
				DDC3C71755041002A51D2DCB /* PowerSource.swift */,
				8D00B6D42F59ED9644434D80 /* Session.swift */,
				37A5B01FCF1EE62C07FBAFE0 /* SessionError.swift */,
				1657119BD6C2AE4B52FC0646 /* SessionMode.swift */,
				09FAD9BB895CA387CDF1ED13 /* TimeOfDay.swift */,
				DB9316C636281A319067EC28 /* TimeRange.swift */,
				CFC450F8644E1AE8B876DAF2 /* Trigger.swift */,
				DE25E0F35DEEEB4193E7831E /* TriggerCondition.swift */,
				A56F9461F6B666E1ED163CEC /* WakePolicy.swift */,
				76B47B1A5505E73883E0145F /* Weekday.swift */,
				38F457CC065D77AB10A51F1F /* WorldState.swift */,
			);
			path = Domain;
			sourceTree = "<group>";
		};
		66389A6F125084146EAAF492 /* MenuBar */ = {
			isa = PBXGroup;
			children = (
				992F6C8D08CE37798EAA2FCA /* ActiveSessionPanel.swift */,
				9A8AA8ED119730602B4602C7 /* ClosureMenuItem.swift */,
				0CF1103942587929C0B78085 /* CustomDurationView.swift */,
				5F67A8820415E19B1922B479 /* EndAtTimeView.swift */,
				4013C55ACC2BEE289D82450A /* MenuBarIcon.swift */,
				1BE9DAB4B22640A82A201FCD /* MenuBarView.swift */,
				94C177CF15596ABC0D07A81C /* MenuBarViewModel.swift */,
				BD8BBE6E216D75FC5667763D /* RemainingFormatter.swift */,
				26126BA41BCDA9B054EEB969 /* SessionPresets.swift */,
				028EF90250CDC1FFBDFE54A2 /* StatusBarController.swift */,
				8C775DF81E9158FF516E6506 /* StatusBarMenuBuilder.swift */,
			);
			path = MenuBar;
			sourceTree = "<group>";
		};
		6D896EF5FF374BCA65BACD3D = {
			isa = PBXGroup;
			children = (
				7C7933A215299F2853B74208 /* Sources */,
				BFB0BB91965AC1428CC911B8 /* Tests */,
				EB4966C513ADC365463B319E /* Products */,
			);
			sourceTree = "<group>";
		};
		7C7933A215299F2853B74208 /* Sources */ = {
			isa = PBXGroup;
			children = (
				84E1D07BD8C85386788C281A /* App */,
				821D01899F6C078DEEBBCE3C /* Core */,
				38B909CAA65D69F440D4BA68 /* Domain */,
				2F90E656E1D80CE5A1740001 /* Features */,
				87500325093B04E5E1CAB57F /* Resources */,
				80043BF921769ED0DD8BE39D /* Services */,
			);
			path = Sources;
			sourceTree = "<group>";
		};
		80043BF921769ED0DD8BE39D /* Services */ = {
			isa = PBXGroup;
			children = (
				E76705E1E021E5C1EC29FE60 /* AppActivityObserver.swift */,
				CAADA5C51C29BCF012CB00B1 /* AppLifetimeWatcher.swift */,
				706999F3405F06D5D78D79BB /* Clock.swift */,
				269A5085A2CAD0BC21E26A77 /* DownloadsMonitor.swift */,
				65ABC2EE2FE3B1D319166007 /* IconStylePreferenceStore.swift */,
				1423246595D0C11C18068969 /* Logger.swift */,
				69C1AB8BB72E112C5D985538 /* PowerAssertionService.swift */,
				90BEBC30EFA72337F0D56277 /* PowerObserver.swift */,
				017CAFB7041C8A4E56160CDF /* ScheduleObserver.swift */,
				2EF488E3ADA676469E79FB02 /* Scheduler.swift */,
				BD0FB7156CB989D8E82A1D63 /* SessionAlertSounds.swift */,
				214A6C1BFB8C19A9E9F2639F /* StatusFilePublisher.swift */,
				0FF54D49369486ABE3B767B7 /* StatusSnapshot.swift */,
				2D20AF47AEFFD6F46499D7E0 /* StatusWriter.swift */,
				0D62AA62BC6640AE6A71CE93 /* TriggerStore.swift */,
				B635057479BDB7B4D477DDE1 /* UpdaterService.swift */,
				37280574397FE5F8D35D60C0 /* URLCommandRouter.swift */,
				C1196A1AF58067EF5D62051C /* UserIdleObserver.swift */,
			);
			path = Services;
			sourceTree = "<group>";
		};
		821D01899F6C078DEEBBCE3C /* Core */ = {
			isa = PBXGroup;
			children = (
				2137ECFD08500FCE594FA58F /* SessionEngine.swift */,
				FCD85F9F1E1F1F020581AA65 /* TriggerEngine.swift */,
			);
			path = Core;
			sourceTree = "<group>";
		};
		84E1D07BD8C85386788C281A /* App */ = {
			isa = PBXGroup;
			children = (
				0EBF8F519E78A0AD7B447F1E /* AppDelegate.swift */,
				D21EDB52AB46D2FFECAB8808 /* AppIntentBridge.swift */,
				9EBAE91FAE6E7E1E18117D0F /* CafeUpApp.swift */,
				5C653B585DF4B6B3528D243F /* CafeUpIntents.swift */,
				2659B06B87D5D39839407DAA /* CompositionRoot.swift */,
				AE68BADBB8F65610A41501D3 /* WindowID.swift */,
			);
			path = App;
			sourceTree = "<group>";
		};
		87500325093B04E5E1CAB57F /* Resources */ = {
			isa = PBXGroup;
			children = (
				2446B1B4F49B5716EB80DAE0 /* AppIcon.icns */,
				03731E4422AF3973343F9D44 /* cafeup */,
				6547C3FBF48EBEB0B47B7A12 /* Info.plist */,
			);
			path = Resources;
			sourceTree = "<group>";
		};
		8FD17E458B593FD5CDC94609 /* Updates */ = {
			isa = PBXGroup;
			children = (
				2A73CB904222F12F51464D11 /* UpdatesSectionViewModel.swift */,
			);
			path = Updates;
			sourceTree = "<group>";
		};
		AF81C43EC3496C1C60D6028C /* Settings */ = {
			isa = PBXGroup;
			children = (
				C75F84574131A8966246F0F1 /* SettingsView.swift */,
			);
			path = Settings;
			sourceTree = "<group>";
		};
		BFB0BB91965AC1428CC911B8 /* Tests */ = {
			isa = PBXGroup;
			children = (
				CF3273882F4631F90F56820A /* ActiveSessionPanelSnapshotTests.swift */,
				C2885D96EC8A24BFB573B291 /* AppearanceViewModelTests.swift */,
				DAA677AEC29E70F88D0492BB /* AppIntentBridgeTests.swift */,
				1EAF1B0139BE9C5D26CCAC91 /* DownloadsMonitorTests.swift */,
				A9503F8A6CB7DD3CD04E11C7 /* FileSystemStatusWriterTests.swift */,
				691068D02528E968BD96FBC0 /* IconStylePreferenceStoreTests.swift */,
				D0191D4030ECAF43B83C3339 /* MenuBarIconStyleTests.swift */,
				B3CE251C78C94D5CF495C4D2 /* MenuBarViewModelAutoStopTests.swift */,
				1719D7F7BABE901960DE7E7D /* MenuBarViewModelScreenSaverTests.swift */,
				EBE476EFD7620C5AD1840390 /* MenuBarViewModelTests.swift */,
				DB7FBE32B56A88B2ABCA6068 /* MenuBarViewModelTickerTests.swift */,
				8F5BC4C402216EF90C1B3FAD /* MenuBarViewSnapshotTests.swift */,
				611AC13C03FFDE75C60BEDAD /* PolicyUpdateTests.swift */,
				2CE762BE73DB1023949BFE23 /* PowerSourceTests.swift */,
				CD72A324C7D29ED8798764F3 /* RemainingFormatterTests.swift */,
				26D08D4B3276DBFA2583BF06 /* SessionEngineTests.swift */,
				77F3CF51DC1F84B392C9D17E /* SessionPresetTests.swift */,
				A80E3F2DDBDCD2BE58DADB71 /* SessionTests.swift */,
				3897F2FB1FF358E6467E3C3E /* StatusFilePublisherTests.swift */,
				1F94FDBB18B15DAD5F4C5FF0 /* StatusSnapshotTests.swift */,
				1CA345126C90108C9056DEE3 /* TimeOfDayTests.swift */,
				1747849A6CD83223536F7F25 /* TimeRangeTests.swift */,
				4CD97E9AC8FAC79F59426E10 /* TriggerDraftTests.swift */,
				D8F55B26E9579B9729F9C94A /* TriggerEngineTests.swift */,
				A8CBA8977FBB9AC910BEFC0A /* TriggerEvaluationTests.swift */,
				09D7F87B56A4FFC3B20B2FAB /* TriggersViewModelTests.swift */,
				F677C1C192147751D6100AA7 /* UpdatesSectionViewModelTests.swift */,
				0CCE9C1BA90EF2B5D153DA57 /* URLCommandRouterTests.swift */,
				751CB2CFF2B219ADF766F15C /* UserDefaultsTriggerStoreTests.swift */,
				B780A37CCFA19C9B7793BDC6 /* WakePolicyTests.swift */,
				C657C5254FB90BCF490CB9C9 /* WeekdayTests.swift */,
				3752D30545B1F1E4797D560B /* WorldStateTests.swift */,
				1BCCE2209E234ED1AAB71C41 /* Fakes */,
			);
			path = Tests;
			sourceTree = "<group>";
		};
		EB4966C513ADC365463B319E /* Products */ = {
			isa = PBXGroup;
			children = (
				CD014DD9FC2DFB94C5689625 /* CafeUp.app */,
				85BAB529CFDE02F7052C376E /* CafeUpTests.xctest */,
			);
			name = Products;
			sourceTree = "<group>";
		};
/* End PBXGroup section */

/* Begin PBXNativeTarget section */
		3587F78BCB16A56B0A6A5FE5 /* CafeUp */ = {
			isa = PBXNativeTarget;
			buildConfigurationList = 926227686F1DE7FB03B772B6 /* Build configuration list for PBXNativeTarget "CafeUp" */;
			buildPhases = (
				5D1D990F39BD11C452351F6F /* Sources */,
				DF356A3DBB5F00809111E77A /* Resources */,
				7D42E57D823430165A3880EA /* Frameworks */,
			);
			buildRules = (
			);
			dependencies = (
			);
			name = CafeUp;
			packageProductDependencies = (
				777963202636C29E614FEFE3 /* Sparkle */,
			);
			productName = CafeUp;
			productReference = CD014DD9FC2DFB94C5689625 /* CafeUp.app */;
			productType = "com.apple.product-type.application";
		};
		3F56B711F1FE951E0643C7F9 /* CafeUpTests */ = {
			isa = PBXNativeTarget;
			buildConfigurationList = C2C24AE771C7C847C25E4E49 /* Build configuration list for PBXNativeTarget "CafeUpTests" */;
			buildPhases = (
				128BB8713A3EB48D9147142A /* Sources */,
			);
			buildRules = (
			);
			dependencies = (
				C37658EA8EF799224FC55B4E /* PBXTargetDependency */,
			);
			name = CafeUpTests;
			packageProductDependencies = (
			);
			productName = CafeUpTests;
			productReference = 85BAB529CFDE02F7052C376E /* CafeUpTests.xctest */;
			productType = "com.apple.product-type.bundle.unit-test";
		};
/* End PBXNativeTarget section */

/* Begin PBXProject section */
		CFDFC7CE06F54F4E1A626278 /* Project object */ = {
			isa = PBXProject;
			attributes = {
				BuildIndependentTargetsInParallel = YES;
				LastUpgradeCheck = 1430;
				TargetAttributes = {
					3587F78BCB16A56B0A6A5FE5 = {
						DevelopmentTeam = "";
						ProvisioningStyle = Automatic;
					};
					3F56B711F1FE951E0643C7F9 = {
						DevelopmentTeam = "";
						ProvisioningStyle = Automatic;
					};
				};
			};
			buildConfigurationList = 031B56E50F15B2F2B3EAE2C5 /* Build configuration list for PBXProject "CafeUp" */;
			developmentRegion = en;
			hasScannedForEncodings = 0;
			knownRegions = (
				Base,
				en,
			);
			mainGroup = 6D896EF5FF374BCA65BACD3D;
			minimizedProjectReferenceProxies = 1;
			packageReferences = (
				A063DDA1A0F0A014B9CF7F6C /* XCRemoteSwiftPackageReference "Sparkle" */,
			);
			preferredProjectObjectVersion = 77;
			productRefGroup = EB4966C513ADC365463B319E /* Products */;
			projectDirPath = "";
			projectRoot = "";
			targets = (
				3587F78BCB16A56B0A6A5FE5 /* CafeUp */,
				3F56B711F1FE951E0643C7F9 /* CafeUpTests */,
			);
		};
/* End PBXProject section */

/* Begin PBXResourcesBuildPhase section */
		DF356A3DBB5F00809111E77A /* Resources */ = {
			isa = PBXResourcesBuildPhase;
			buildActionMask = 2147483647;
			files = (
				1C18C3C929DDEA679166D81D /* AppIcon.icns in Resources */,
				38461F3F7AB276A3335C8D7A /* cafeup in Resources */,
			);
			runOnlyForDeploymentPostprocessing = 0;
		};
/* End PBXResourcesBuildPhase section */

/* Begin PBXSourcesBuildPhase section */
		128BB8713A3EB48D9147142A /* Sources */ = {
			isa = PBXSourcesBuildPhase;
			buildActionMask = 2147483647;
			files = (
				976254C1C1C662D5ADED3FFB /* ActiveSessionPanelSnapshotTests.swift in Sources */,
				F831039E4FD952CF11E7ABEB /* AppIntentBridgeTests.swift in Sources */,
				E1CFCECB261AD351E0C7FA93 /* AppearanceViewModelTests.swift in Sources */,
				D0B86C02A4CD027CA771BDF6 /* DownloadsMonitorTests.swift in Sources */,
				7A0CCA7B97331CDCBDB13AEA /* FakeAgentCommandHandler.swift in Sources */,
				4A16EFFF484DF9D6F21AE0F1 /* FakeAppActivityObserver.swift in Sources */,
				A1DD3BD13765E7E1D5BCA8E5 /* FakeAppLifetimeWatcher.swift in Sources */,
				D3E4327C10E5E6D8C3211898 /* FakeAppPicker.swift in Sources */,
				EFCEAFF60BC6BB2872591599 /* FakeClock.swift in Sources */,
				10D7B8EEBCF57BA2CC3F095C /* FakeDownloadsMonitor.swift in Sources */,
				4E9CDA86DC5D51443492FAB3 /* FakePowerAssertionService.swift in Sources */,
				042947CAE5475D21E9DB8E95 /* FakePowerObserver.swift in Sources */,
				9BF0C5D26D8F9642DF66C365 /* FakeScheduleObserver.swift in Sources */,
				275EFFB0D01BF4E15F8A01D7 /* FakeScheduler.swift in Sources */,
				19CE913E028B6715361BF327 /* FakeSessionAlertSounds.swift in Sources */,
				15C9F5FF452B1070DBE6B9F8 /* FakeSessionLifecycle.swift in Sources */,
				1250BF077B0A989E589E83C6 /* FakeStatusWriter.swift in Sources */,
				6BE6570F51A0D0C55CD38FF3 /* FakeUpdaterService.swift in Sources */,
				734D1F1804F97148EDE94EB1 /* FakeUserIdleObserver.swift in Sources */,
				7746470A41B47F1FD7B992B7 /* FileSystemStatusWriterTests.swift in Sources */,
				3A4312495B474DE59BC54AD8 /* IconStylePreferenceStoreTests.swift in Sources */,
				DDD52D821915157BB77A9BE7 /* InMemoryIconStyleStore.swift in Sources */,
				DFAE6EBA6EB9BDD3EC5CDE81 /* InMemoryTriggerStore.swift in Sources */,
				AE5A1B188032D29078EBA44D /* MenuBarIconStyleTests.swift in Sources */,
				2C6AB323089166AE64174858 /* MenuBarViewModelAutoStopTests.swift in Sources */,
				B638B3282AE2DF4852D06033 /* MenuBarViewModelScreenSaverTests.swift in Sources */,
				DD50CD1E0883F70EEA95CD21 /* MenuBarViewModelTests.swift in Sources */,
				CE64FAEBC4560EF1AAEFF5F8 /* MenuBarViewModelTickerTests.swift in Sources */,
				835F32143F6D1277A44C93C9 /* MenuBarViewSnapshotTests.swift in Sources */,
				86F219DC490D6C6C6942A7A4 /* PolicyUpdateTests.swift in Sources */,
				3ECDD4E392FC857171A3AAC9 /* PowerSourceTests.swift in Sources */,
				729AA52757BC2695259C7760 /* RemainingFormatterTests.swift in Sources */,
				997A3CDF2AE2001E933FEED5 /* SessionEngineTests.swift in Sources */,
				E406A6BE7B2367C3137E0F25 /* SessionPresetTests.swift in Sources */,
				7A70A3AF1035C1CE4ED18E4D /* SessionTests.swift in Sources */,
				DA1377B265130D0684712814 /* StatusFilePublisherTests.swift in Sources */,
				371A8B34368F1C3BC0A0759D /* StatusSnapshotTests.swift in Sources */,
				D9D34DD8C9688D96B6C93156 /* TimeOfDayTests.swift in Sources */,
				7A264F86C362ACBE016C4523 /* TimeRangeTests.swift in Sources */,
				687A468E5D998DC40594CDA9 /* TriggerDraftTests.swift in Sources */,
				882CDD825CF9CCD62B906A54 /* TriggerEngineTests.swift in Sources */,
				3E80E764BC56CB9C6924470B /* TriggerEvaluationTests.swift in Sources */,
				1EDF7D16A36633DE58794753 /* TriggersViewModelTests.swift in Sources */,
				F9B5E6E12F399F222C2C9438 /* URLCommandRouterTests.swift in Sources */,
				396BA01D3F3023ACD7974F28 /* UpdatesSectionViewModelTests.swift in Sources */,
				356616F8E62FACA1731CBBBF /* UserDefaultsTriggerStoreTests.swift in Sources */,
				3A6FCFEBD53298D1D958F6CA /* WakePolicyTests.swift in Sources */,
				B505625184664F7FBB3CC16E /* WeekdayTests.swift in Sources */,
				8CE81A474C2A4B6017226FE0 /* WorldStateTests.swift in Sources */,
			);
			runOnlyForDeploymentPostprocessing = 0;
		};
		5D1D990F39BD11C452351F6F /* Sources */ = {
			isa = PBXSourcesBuildPhase;
			buildActionMask = 2147483647;
			files = (
				BEB871150EE6A428D1AFEA28 /* ActiveSessionPanel.swift in Sources */,
				CC64147CE4D569225DBB5E9F /* AppActivityObserver.swift in Sources */,
				737018EE0DBF3E4E427AC43A /* AppDelegate.swift in Sources */,
				58A271F7BBE5808E38732D68 /* AppIntentBridge.swift in Sources */,
				C192C6B38A6D448470934567 /* AppLifetimeWatcher.swift in Sources */,
				E43CF2AE7DAC67257F437F1A /* AppPicker.swift in Sources */,
				2004BBF63DC15B126A311638 /* AppearanceViewModel.swift in Sources */,
				6DB0715C63249C66FE23A6E8 /* CafeUpApp.swift in Sources */,
				A56326CA0AAE0C146C10A48D /* CafeUpIntents.swift in Sources */,
				D2ED23A640407835889100BB /* Clock.swift in Sources */,
				52C9B2DC19A10CB18D9D51EA /* ClosureMenuItem.swift in Sources */,
				BBA52F990EC1C7763ED18312 /* CompositionRoot.swift in Sources */,
				06C9CB75863B43B788AF0A68 /* CustomDurationView.swift in Sources */,
				C7BECDEABDC2548ADB995908 /* DividedDiscGlyph.swift in Sources */,
				62B49D055968E3F06DC7965D /* DownloadsMonitor.swift in Sources */,
				759C827BDB12C1BFF5C83B8E /* EndAtTimeView.swift in Sources */,
				9C40A867D87BE77F7ED99DCF /* IconPickerView.swift in Sources */,
				31EDB94CAFC514917AB20206 /* IconStylePreferenceStore.swift in Sources */,
				81A701C9D6F84D9100A1763F /* Logger.swift in Sources */,
				76D8E2A6D444C9E7C5B19C69 /* MenuBarIcon.swift in Sources */,
				146C4E8B2F439019974FAF35 /* MenuBarIconStyle.swift in Sources */,
				CE484915676B3B92FB57A275 /* MenuBarView.swift in Sources */,
				6969A09C64100971DB9D87F6 /* MenuBarViewModel.swift in Sources */,
				30B9C709D20071877D6E0A9F /* PolicyUpdate.swift in Sources */,
				AD135F88B719CC8841F0B745 /* PowerAssertionService.swift in Sources */,
				9399978365DD1FF0C33ABB44 /* PowerObserver.swift in Sources */,
				F93CE9FF6253EBB5EE63CE31 /* PowerSource.swift in Sources */,
				5F8F5FC1074D92000772AAF4 /* RemainingFormatter.swift in Sources */,
				DFE31D60B5C81BEFD956ABD3 /* ScheduleObserver.swift in Sources */,
				A1C598DADC39EFD69958E446 /* Scheduler.swift in Sources */,
				A675B9D06F0F52748405CBE5 /* Session.swift in Sources */,
				B78C47230924631EF4CBF00B /* SessionAlertSounds.swift in Sources */,
				DF0E46FD0E40EB84DD010464 /* SessionEngine.swift in Sources */,
				BA268A848ECB3704BB377E2C /* SessionError.swift in Sources */,
				30628AC3B19A31E5F8854FD0 /* SessionMode.swift in Sources */,
				202FB5369F40A27AE23DE29B /* SessionPresets.swift in Sources */,
				023337315D03D5A7A11EF8A8 /* SettingsView.swift in Sources */,
				D56BCE7A7D95C3D9990E5297 /* SolidCircleGlyph.swift in Sources */,
				6A1E03FFAB6D9C044E9FF76E /* StatusBarController.swift in Sources */,
				8C4C2EAFD08C31CDB267375D /* StatusBarMenuBuilder.swift in Sources */,
				ED9E5F9E2954DB49B1CEA6F2 /* StatusFilePublisher.swift in Sources */,
				FF35C7B89268E5DCFC087AC0 /* StatusSnapshot.swift in Sources */,
				2C546D7714E6A1239A8868F0 /* StatusWriter.swift in Sources */,
				62E69CE2035CB23E3CEFDFC3 /* TimeOfDay.swift in Sources */,
				2F91A2E0C4C8A00DFEC88FEB /* TimeRange.swift in Sources */,
				4D69394BB042C591CF57196D /* Trigger.swift in Sources */,
				B55F6B4BC0C3E46EF589F484 /* TriggerCondition.swift in Sources */,
				24A402DE0E6E56293A8B3027 /* TriggerDraft.swift in Sources */,
				3172E8FF49075612B977EAD1 /* TriggerEditorView.swift in Sources */,
				4DAA8238D0D184A2F3DF08AC /* TriggerEngine.swift in Sources */,
				2D5859697FEB656BD2F7112F /* TriggerStore.swift in Sources */,
				300B16E72859C50460E34BDE /* TriggersView.swift in Sources */,
				4C19E5B1860A156E341ADBF1 /* TriggersViewModel.swift in Sources */,
				8812797E3A5F300D14DD7685 /* URLCommandRouter.swift in Sources */,
				9D42E4559DBF9ACEBDD7F2F6 /* UpdaterService.swift in Sources */,
				2E0D50D5014B0C3B353A4A72 /* UpdatesSectionViewModel.swift in Sources */,
				FC510B8A770B55256C1F4E9B /* UserIdleObserver.swift in Sources */,
				4A73597DAAE2BAD8A3D87F02 /* WakePolicy.swift in Sources */,
				DDD935B7695DBC2BBC51EB54 /* Weekday.swift in Sources */,
				9DC42B1A3192373C5856CEC4 /* WindowID.swift in Sources */,
				366D78BFAC400A48DA8DB229 /* WorldState.swift in Sources */,
			);
			runOnlyForDeploymentPostprocessing = 0;
		};
/* End PBXSourcesBuildPhase section */

/* Begin PBXTargetDependency section */
		C37658EA8EF799224FC55B4E /* PBXTargetDependency */ = {
			isa = PBXTargetDependency;
			target = 3587F78BCB16A56B0A6A5FE5 /* CafeUp */;
			targetProxy = CD6CF95742A5AE06DE9316C6 /* PBXContainerItemProxy */;
		};
/* End PBXTargetDependency section */

/* Begin XCBuildConfiguration section */
		5DD29EAA34ECD7AF05683BEF /* Debug */ = {
			isa = XCBuildConfiguration;
			buildSettings = {
				ALWAYS_SEARCH_USER_PATHS = NO;
				CLANG_ANALYZER_NONNULL = YES;
				CLANG_ANALYZER_NUMBER_OBJECT_CONVERSION = YES_AGGRESSIVE;
				CLANG_CXX_LANGUAGE_STANDARD = "gnu++14";
				CLANG_CXX_LIBRARY = "libc++";
				CLANG_ENABLE_MODULES = YES;
				CLANG_ENABLE_OBJC_ARC = YES;
				CLANG_ENABLE_OBJC_WEAK = YES;
				CLANG_WARN_BLOCK_CAPTURE_AUTORELEASING = YES;
				CLANG_WARN_BOOL_CONVERSION = YES;
				CLANG_WARN_COMMA = YES;
				CLANG_WARN_CONSTANT_CONVERSION = YES;
				CLANG_WARN_DEPRECATED_OBJC_IMPLEMENTATIONS = YES;
				CLANG_WARN_DIRECT_OBJC_ISA_USAGE = YES_ERROR;
				CLANG_WARN_DOCUMENTATION_COMMENTS = YES;
				CLANG_WARN_EMPTY_BODY = YES;
				CLANG_WARN_ENUM_CONVERSION = YES;
				CLANG_WARN_INFINITE_RECURSION = YES;
				CLANG_WARN_INT_CONVERSION = YES;
				CLANG_WARN_NON_LITERAL_NULL_CONVERSION = YES;
				CLANG_WARN_OBJC_IMPLICIT_RETAIN_SELF = YES;
				CLANG_WARN_OBJC_LITERAL_CONVERSION = YES;
				CLANG_WARN_OBJC_ROOT_CLASS = YES_ERROR;
				CLANG_WARN_QUOTED_INCLUDE_IN_FRAMEWORK_HEADER = YES;
				CLANG_WARN_RANGE_LOOP_ANALYSIS = YES;
				CLANG_WARN_STRICT_PROTOTYPES = YES;
				CLANG_WARN_SUSPICIOUS_MOVE = YES;
				CLANG_WARN_UNGUARDED_AVAILABILITY = YES_AGGRESSIVE;
				CLANG_WARN_UNREACHABLE_CODE = YES;
				CLANG_WARN__DUPLICATE_METHOD_MATCH = YES;
				CODE_SIGN_IDENTITY = "-";
				CODE_SIGN_STYLE = Automatic;
				COPY_PHASE_STRIP = NO;
				CURRENT_PROJECT_VERSION = 2;
				DEBUG_INFORMATION_FORMAT = dwarf;
				DEVELOPMENT_TEAM = "";
				ENABLE_STRICT_OBJC_MSGSEND = YES;
				ENABLE_TESTABILITY = YES;
				GCC_C_LANGUAGE_STANDARD = gnu11;
				GCC_DYNAMIC_NO_PIC = NO;
				GCC_NO_COMMON_BLOCKS = YES;
				GCC_OPTIMIZATION_LEVEL = 0;
				GCC_PREPROCESSOR_DEFINITIONS = (
					"$(inherited)",
					"DEBUG=1",
				);
				GCC_WARN_64_TO_32_BIT_CONVERSION = YES;
				GCC_WARN_ABOUT_RETURN_TYPE = YES_ERROR;
				GCC_WARN_UNDECLARED_SELECTOR = YES;
				GCC_WARN_UNINITIALIZED_AUTOS = YES_AGGRESSIVE;
				GCC_WARN_UNUSED_FUNCTION = YES;
				GCC_WARN_UNUSED_VARIABLE = YES;
				MACOSX_DEPLOYMENT_TARGET = 14.0;
				MARKETING_VERSION = 0.2.0;
				MTL_ENABLE_DEBUG_INFO = INCLUDE_SOURCE;
				MTL_FAST_MATH = YES;
				ONLY_ACTIVE_ARCH = YES;
				PRODUCT_NAME = "$(TARGET_NAME)";
				SDKROOT = macosx;
				SWIFT_ACTIVE_COMPILATION_CONDITIONS = DEBUG;
				SWIFT_OPTIMIZATION_LEVEL = "-Onone";
				SWIFT_STRICT_CONCURRENCY = complete;
				SWIFT_VERSION = 5.9;
			};
			name = Debug;
		};
		7D8599A207F6D909BE1911F7 /* Debug */ = {
			isa = XCBuildConfiguration;
			buildSettings = {
				BUNDLE_LOADER = "$(TEST_HOST)";
				COMBINE_HIDPI_IMAGES = YES;
				GENERATE_INFOPLIST_FILE = YES;
				LD_RUNPATH_SEARCH_PATHS = (
					"$(inherited)",
					"@executable_path/../Frameworks",
					"@loader_path/../Frameworks",
				);
				PRODUCT_BUNDLE_IDENTIFIER = com.pardhu.CafeUpTests;
				SDKROOT = macosx;
				TEST_HOST = "$(BUILT_PRODUCTS_DIR)/CafeUp.app/Contents/MacOS/CafeUp";
			};
			name = Debug;
		};
		AC1ED271749A271D35D21A5A /* Debug */ = {
			isa = XCBuildConfiguration;
			buildSettings = {
				ASSETCATALOG_COMPILER_APPICON_NAME = AppIcon;
				CODE_SIGN_ENTITLEMENTS = Sources/Resources/CafeUp.entitlements;
				COMBINE_HIDPI_IMAGES = YES;
				ENABLE_HARDENED_RUNTIME = YES;
				GENERATE_INFOPLIST_FILE = NO;
				INFOPLIST_FILE = Sources/Resources/Info.plist;
				LD_RUNPATH_SEARCH_PATHS = (
					"$(inherited)",
					"@executable_path/../Frameworks",
				);
				PRODUCT_BUNDLE_IDENTIFIER = com.pardhu.CafeUp;
				SDKROOT = macosx;
			};
			name = Debug;
		};
		C54DBA863542CCF053858A90 /* Release */ = {
			isa = XCBuildConfiguration;
			buildSettings = {
				BUNDLE_LOADER = "$(TEST_HOST)";
				COMBINE_HIDPI_IMAGES = YES;
				GENERATE_INFOPLIST_FILE = YES;
				LD_RUNPATH_SEARCH_PATHS = (
					"$(inherited)",
					"@executable_path/../Frameworks",
					"@loader_path/../Frameworks",
				);
				PRODUCT_BUNDLE_IDENTIFIER = com.pardhu.CafeUpTests;
				SDKROOT = macosx;
				TEST_HOST = "$(BUILT_PRODUCTS_DIR)/CafeUp.app/Contents/MacOS/CafeUp";
			};
			name = Release;
		};
		CF05D947042FAA22B4A732AD /* Release */ = {
			isa = XCBuildConfiguration;
			buildSettings = {
				ALWAYS_SEARCH_USER_PATHS = NO;
				CLANG_ANALYZER_NONNULL = YES;
				CLANG_ANALYZER_NUMBER_OBJECT_CONVERSION = YES_AGGRESSIVE;
				CLANG_CXX_LANGUAGE_STANDARD = "gnu++14";
				CLANG_CXX_LIBRARY = "libc++";
				CLANG_ENABLE_MODULES = YES;
				CLANG_ENABLE_OBJC_ARC = YES;
				CLANG_ENABLE_OBJC_WEAK = YES;
				CLANG_WARN_BLOCK_CAPTURE_AUTORELEASING = YES;
				CLANG_WARN_BOOL_CONVERSION = YES;
				CLANG_WARN_COMMA = YES;
				CLANG_WARN_CONSTANT_CONVERSION = YES;
				CLANG_WARN_DEPRECATED_OBJC_IMPLEMENTATIONS = YES;
				CLANG_WARN_DIRECT_OBJC_ISA_USAGE = YES_ERROR;
				CLANG_WARN_DOCUMENTATION_COMMENTS = YES;
				CLANG_WARN_EMPTY_BODY = YES;
				CLANG_WARN_ENUM_CONVERSION = YES;
				CLANG_WARN_INFINITE_RECURSION = YES;
				CLANG_WARN_INT_CONVERSION = YES;
				CLANG_WARN_NON_LITERAL_NULL_CONVERSION = YES;
				CLANG_WARN_OBJC_IMPLICIT_RETAIN_SELF = YES;
				CLANG_WARN_OBJC_LITERAL_CONVERSION = YES;
				CLANG_WARN_OBJC_ROOT_CLASS = YES_ERROR;
				CLANG_WARN_QUOTED_INCLUDE_IN_FRAMEWORK_HEADER = YES;
				CLANG_WARN_RANGE_LOOP_ANALYSIS = YES;
				CLANG_WARN_STRICT_PROTOTYPES = YES;
				CLANG_WARN_SUSPICIOUS_MOVE = YES;
				CLANG_WARN_UNGUARDED_AVAILABILITY = YES_AGGRESSIVE;
				CLANG_WARN_UNREACHABLE_CODE = YES;
				CLANG_WARN__DUPLICATE_METHOD_MATCH = YES;
				CODE_SIGN_IDENTITY = "-";
				CODE_SIGN_STYLE = Automatic;
				COPY_PHASE_STRIP = NO;
				CURRENT_PROJECT_VERSION = 2;
				DEBUG_INFORMATION_FORMAT = "dwarf-with-dsym";
				DEVELOPMENT_TEAM = "";
				ENABLE_NS_ASSERTIONS = NO;
				ENABLE_STRICT_OBJC_MSGSEND = YES;
				GCC_C_LANGUAGE_STANDARD = gnu11;
				GCC_NO_COMMON_BLOCKS = YES;
				GCC_WARN_64_TO_32_BIT_CONVERSION = YES;
				GCC_WARN_ABOUT_RETURN_TYPE = YES_ERROR;
				GCC_WARN_UNDECLARED_SELECTOR = YES;
				GCC_WARN_UNINITIALIZED_AUTOS = YES_AGGRESSIVE;
				GCC_WARN_UNUSED_FUNCTION = YES;
				GCC_WARN_UNUSED_VARIABLE = YES;
				MACOSX_DEPLOYMENT_TARGET = 14.0;
				MARKETING_VERSION = 0.2.0;
				MTL_ENABLE_DEBUG_INFO = NO;
				MTL_FAST_MATH = YES;
				PRODUCT_NAME = "$(TARGET_NAME)";
				SDKROOT = macosx;
				SWIFT_COMPILATION_MODE = wholemodule;
				SWIFT_OPTIMIZATION_LEVEL = "-O";
				SWIFT_STRICT_CONCURRENCY = complete;
				SWIFT_VERSION = 5.9;
			};
			name = Release;
		};
		EE2A8D43664710D4AF96B199 /* Release */ = {
			isa = XCBuildConfiguration;
			buildSettings = {
				ASSETCATALOG_COMPILER_APPICON_NAME = AppIcon;
				CODE_SIGN_ENTITLEMENTS = Sources/Resources/CafeUp.entitlements;
				COMBINE_HIDPI_IMAGES = YES;
				ENABLE_HARDENED_RUNTIME = YES;
				GENERATE_INFOPLIST_FILE = NO;
				INFOPLIST_FILE = Sources/Resources/Info.plist;
				LD_RUNPATH_SEARCH_PATHS = (
					"$(inherited)",
					"@executable_path/../Frameworks",
				);
				PRODUCT_BUNDLE_IDENTIFIER = com.pardhu.CafeUp;
				SDKROOT = macosx;
			};
			name = Release;
		};
/* End XCBuildConfiguration section */

/* Begin XCConfigurationList section */
		031B56E50F15B2F2B3EAE2C5 /* Build configuration list for PBXProject "CafeUp" */ = {
			isa = XCConfigurationList;
			buildConfigurations = (
				5DD29EAA34ECD7AF05683BEF /* Debug */,
				CF05D947042FAA22B4A732AD /* Release */,
			);
			defaultConfigurationIsVisible = 0;
			defaultConfigurationName = Debug;
		};
		926227686F1DE7FB03B772B6 /* Build configuration list for PBXNativeTarget "CafeUp" */ = {
			isa = XCConfigurationList;
			buildConfigurations = (
				AC1ED271749A271D35D21A5A /* Debug */,
				EE2A8D43664710D4AF96B199 /* Release */,
			);
			defaultConfigurationIsVisible = 0;
			defaultConfigurationName = Debug;
		};
		C2C24AE771C7C847C25E4E49 /* Build configuration list for PBXNativeTarget "CafeUpTests" */ = {
			isa = XCConfigurationList;
			buildConfigurations = (
				7D8599A207F6D909BE1911F7 /* Debug */,
				C54DBA863542CCF053858A90 /* Release */,
			);
			defaultConfigurationIsVisible = 0;
			defaultConfigurationName = Debug;
		};
/* End XCConfigurationList section */

/* Begin XCRemoteSwiftPackageReference section */
		A063DDA1A0F0A014B9CF7F6C /* XCRemoteSwiftPackageReference "Sparkle" */ = {
			isa = XCRemoteSwiftPackageReference;
			repositoryURL = "https://github.com/sparkle-project/Sparkle";
			requirement = {
				kind = upToNextMajorVersion;
				minimumVersion = 2.9.0;
			};
		};
/* End XCRemoteSwiftPackageReference section */

/* Begin XCSwiftPackageProductDependency section */
		777963202636C29E614FEFE3 /* Sparkle */ = {
			isa = XCSwiftPackageProductDependency;
			package = A063DDA1A0F0A014B9CF7F6C /* XCRemoteSwiftPackageReference "Sparkle" */;
			productName = Sparkle;
		};
/* End XCSwiftPackageProductDependency section */
	};
	rootObject = CFDFC7CE06F54F4E1A626278 /* Project object */;
}
